
Microsoft Visual Studio Solution File, Format Version 12.00
# Visual Studio Version 17
VisualStudioVersion = 17.5.002.0
MinimumVisualStudioVersion = 10.0.40219.1
Project("{9A19103F-16F7-4668-BE54-9A1E7A4F7556}") = "azureOpenAI", "azureOpenAI.csproj", "{AC530B47-A1FF-4D31-A63C-97A4081AB513}"
EndProject
Global
	GlobalSection(SolutionConfigurationPlatforms) = preSolution
		Debug|Any CPU = Debug|Any CPU
		Release|Any CPU = Release|Any CPU
	EndGlobalSection
	GlobalSection(ProjectConfigurationPlatforms) = postSolution
		{AC530B47-A1FF-4D31-A63C-97A4081AB513}.Debug|Any CPU.ActiveCfg = Debug|Any CPU
		{AC530B47-A1FF-4D31-A63C-97A4081AB513}.Debug|Any CPU.Build.0 = Debug|Any CPU
		{AC530B47-A1FF-4D31-A63C-97A4081AB513}.Release|Any CPU.ActiveCfg = Release|Any CPU
		{AC530B47-A1FF-4D31-A63C-97A4081AB513}.Release|Any CPU.Build.0 = Release|Any CPU
	EndGlobalSection
	GlobalSection(SolutionProperties) = preSolution
		HideSolutionNode = FALSE
	EndGlobalSection
	GlobalSection(ExtensibilityGlobals) = postSolution
		SolutionGuid = {3D162FE0-9C01-41BE-B651-40F0568C0A5B}
	EndGlobalSection
EndGlobal
